
Microsoft Visual Studio Solution File, Format Version 12.00
# Visual Studio 15
VisualStudioVersion = 15.0.27130.2027
MinimumVisualStudioVersion = 10.0.40219.1
Project("{9A19103F-16F7-4668-BE54-9A1E7A4F7556}") = "AniDroid.AniList", "AniDroid.AniList.csproj", "{59EA65DA-8D55-4E49-A8AD-8AAA505CCFC1}"
EndProject
Global
	GlobalSection(SolutionConfigurationPlatforms) = preSolution
		Debug|Any CPU = Debug|Any CPU
		Release|Any CPU = Release|Any CPU
	EndGlobalSection
	GlobalSection(ProjectConfigurationPlatforms) = postSolution
		{59EA65DA-8D55-4E49-A8AD-8AAA505CCFC1}.Debug|Any CPU.ActiveCfg = Debug|Any CPU
		{59EA65DA-8D55-4E49-A8AD-8AAA505CCFC1}.Debug|Any CPU.Build.0 = Debug|Any CPU
		{59EA65DA-8D55-4E49-A8AD-8AAA505CCFC1}.Release|Any CPU.ActiveCfg = Release|Any CPU
		{59EA65DA-8D55-4E49-A8AD-8AAA505CCFC1}.Release|Any CPU.Build.0 = Release|Any CPU
	EndGlobalSection
	GlobalSection(SolutionProperties) = preSolution
		HideSolutionNode = FALSE
	EndGlobalSection
	GlobalSection(ExtensibilityGlobals) = postSolution
		SolutionGuid = {720B3292-C2F0-4060-8864-8D2828AB2282}
	EndGlobalSection
EndGlobal
